
Microsoft Visual Studio Solution File, Format Version 11.00
# Visual C# Express 2010
Project("{FAE04EC0-301F-11D3-BF4B-00C04F79EFBC}") = "Bonsai.ItemTemplates", "Bonsai.ItemTemplates\Bonsai.ItemTemplates.csproj", "{00037DA9-A14E-4DE3-9763-5690B4C17933}"
EndProject
Project("{FAE04EC0-301F-11D3-BF4B-00C04F79EFBC}") = "Bonsai.PackageTemplate", "Bonsai.PackageTemplate\Bonsai.PackageTemplate.csproj", "{21CF5657-D6BC-49F1-AA2D-BBFFEDE5C78E}"
EndProject
Project("{FAE04EC0-301F-11D3-BF4B-00C04F79EFBC}") = "Bonsai.WorkflowTemplate", "Bonsai.WorkflowTemplate\Bonsai.WorkflowTemplate.csproj", "{7F5864DA-1A51-4972-9455-7D9AE42C98D1}"
EndProject
Global
	GlobalSection(SolutionConfigurationPlatforms) = preSolution
		Debug|Any CPU = Debug|Any CPU
		Debug|Mixed Platforms = Debug|Mixed Platforms
		Debug|x86 = Debug|x86
		Release|Any CPU = Release|Any CPU
		Release|Mixed Platforms = Release|Mixed Platforms
		Release|x86 = Release|x86
	EndGlobalSection
	GlobalSection(ProjectConfigurationPlatforms) = postSolution
		{00037DA9-A14E-4DE3-9763-5690B4C17933}.Debug|Any CPU.ActiveCfg = Debug|Any CPU
		{00037DA9-A14E-4DE3-9763-5690B4C17933}.Debug|Any CPU.Build.0 = Debug|Any CPU
		{00037DA9-A14E-4DE3-9763-5690B4C17933}.Debug|Mixed Platforms.ActiveCfg = Debug|Any CPU
		{00037DA9-A14E-4DE3-9763-5690B4C17933}.Debug|Mixed Platforms.Build.0 = Debug|Any CPU
		{00037DA9-A14E-4DE3-9763-5690B4C17933}.Debug|x86.ActiveCfg = Debug|Any CPU
		{00037DA9-A14E-4DE3-9763-5690B4C17933}.Release|Any CPU.ActiveCfg = Release|Any CPU
		{00037DA9-A14E-4DE3-9763-5690B4C17933}.Release|Any CPU.Build.0 = Release|Any CPU
		{00037DA9-A14E-4DE3-9763-5690B4C17933}.Release|Mixed Platforms.ActiveCfg = Release|Any CPU
		{00037DA9-A14E-4DE3-9763-5690B4C17933}.Release|Mixed Platforms.Build.0 = Release|Any CPU
		{00037DA9-A14E-4DE3-9763-5690B4C17933}.Release|x86.ActiveCfg = Release|Any CPU
		{21CF5657-D6BC-49F1-AA2D-BBFFEDE5C78E}.Debug|Any CPU.ActiveCfg = Debug|Any CPU
		{21CF5657-D6BC-49F1-AA2D-BBFFEDE5C78E}.Debug|Any CPU.Build.0 = Debug|Any CPU
		{21CF5657-D6BC-49F1-AA2D-BBFFEDE5C78E}.Debug|Mixed Platforms.ActiveCfg = Debug|Any CPU
		{21CF5657-D6BC-49F1-AA2D-BBFFEDE5C78E}.Debug|Mixed Platforms.Build.0 = Debug|Any CPU
		{21CF5657-D6BC-49F1-AA2D-BBFFEDE5C78E}.Debug|x86.ActiveCfg = Debug|Any CPU
		{21CF5657-D6BC-49F1-AA2D-BBFFEDE5C78E}.Release|Any CPU.ActiveCfg = Release|Any CPU
		{21CF5657-D6BC-49F1-AA2D-BBFFEDE5C78E}.Release|Any CPU.Build.0 = Release|Any CPU
		{21CF5657-D6BC-49F1-AA2D-BBFFEDE5C78E}.Release|Mixed Platforms.ActiveCfg = Release|Any CPU
		{21CF5657-D6BC-49F1-AA2D-BBFFEDE5C78E}.Release|Mixed Platforms.Build.0 = Release|Any CPU
		{21CF5657-D6BC-49F1-AA2D-BBFFEDE5C78E}.Release|x86.ActiveCfg = Release|Any CPU
		{7F5864DA-1A51-4972-9455-7D9AE42C98D1}.Debug|Any CPU.ActiveCfg = Debug|Any CPU
		{7F5864DA-1A51-4972-9455-7D9AE42C98D1}.Debug|Any CPU.Build.0 = Debug|Any CPU
		{7F5864DA-1A51-4972-9455-7D9AE42C98D1}.Debug|Mixed Platforms.ActiveCfg = Debug|Any CPU
		{7F5864DA-1A51-4972-9455-7D9AE42C98D1}.Debug|Mixed Platforms.Build.0 = Debug|Any CPU
		{7F5864DA-1A51-4972-9455-7D9AE42C98D1}.Debug|x86.ActiveCfg = Debug|Any CPU
		{7F5864DA-1A51-4972-9455-7D9AE42C98D1}.Release|Any CPU.ActiveCfg = Release|Any CPU
		{7F5864DA-1A51-4972-9455-7D9AE42C98D1}.Release|Any CPU.Build.0 = Release|Any CPU
		{7F5864DA-1A51-4972-9455-7D9AE42C98D1}.Release|Mixed Platforms.ActiveCfg = Release|Any CPU
		{7F5864DA-1A51-4972-9455-7D9AE42C98D1}.Release|Mixed Platforms.Build.0 = Release|Any CPU
		{7F5864DA-1A51-4972-9455-7D9AE42C98D1}.Release|x86.ActiveCfg = Release|Any CPU
	EndGlobalSection
	GlobalSection(SolutionProperties) = preSolution
		HideSolutionNode = FALSE
	EndGlobalSection
EndGlobal
