
Microsoft Visual Studio Solution File, Format Version 12.00
# Visual Studio Version 17
VisualStudioVersion = 17.3.32825.248
MinimumVisualStudioVersion = 10.0.40219.1
Project("$swguid1$") = "$projectname$", "src\$projectname$\$projectname$.csproj", "$swguid2$"
EndProject
Global
	GlobalSection(SolutionConfigurationPlatforms) = preSolution
		Debug|Any CPU = Debug|Any CPU
		Release|Any CPU = Release|Any CPU
	EndGlobalSection
	GlobalSection(ProjectConfigurationPlatforms) = postSolution
		$swguid2$.Debug|Any CPU.ActiveCfg = Debug|Any CPU
		$swguid2$.Debug|Any CPU.Build.0 = Debug|Any CPU
		$swguid2$.Release|Any CPU.ActiveCfg = Release|Any CPU
		$swguid2$.Release|Any CPU.Build.0 = Release|Any CPU
	EndGlobalSection
	GlobalSection(SolutionProperties) = preSolution
		HideSolutionNode = FALSE
	EndGlobalSection
	GlobalSection(ExtensibilityGlobals) = postSolution
		SolutionGuid = $swguid3$
	EndGlobalSection
EndGlobal
