
Microsoft Visual Studio Solution File, Format Version 12.00
# Visual Studio 15
VisualStudioVersion = 15.0.26228.12
MinimumVisualStudioVersion = 10.0.40219.1
Project("{FAE04EC0-301F-11D3-BF4B-00C04F79EFBC}") = "Bonsai.Templates", "Bonsai.Templates\Bonsai.Templates.csproj", "{731B2111-D4F3-436C-B015-B324DC32DC10}"
EndProject
Project("{FAE04EC0-301F-11D3-BF4B-00C04F79EFBC}") = "Bonsai.PackageTemplate", "Bonsai.PackageTemplate\Bonsai.PackageTemplate.csproj", "{9BC48895-1D5E-49FF-97A6-8443962AE517}"
EndProject
Project("{FAE04EC0-301F-11D3-BF4B-00C04F79EFBC}") = "Bonsai.SourceTemplate", "Bonsai.SourceTemplate\Bonsai.SourceTemplate.csproj", "{0A58BE56-B471-4783-8E0E-7D47DB576EFD}"
EndProject
Project("{FAE04EC0-301F-11D3-BF4B-00C04F79EFBC}") = "Bonsai.TransformTemplate", "Bonsai.TransformTemplate\Bonsai.TransformTemplate.csproj", "{7F4DD318-5BE7-4C12-9A59-273E220CE192}"
EndProject
Project("{FAE04EC0-301F-11D3-BF4B-00C04F79EFBC}") = "Bonsai.SinkTemplate", "Bonsai.SinkTemplate\Bonsai.SinkTemplate.csproj", "{DCA91714-1EA8-4A58-A1C4-9099F583E021}"
EndProject
Project("{FAE04EC0-301F-11D3-BF4B-00C04F79EFBC}") = "Bonsai.VisualizerTemplate", "Bonsai.VisualizerTemplate\Bonsai.VisualizerTemplate.csproj", "{13535295-C1F7-44AD-8CB8-F7279C704F59}"
EndProject
Project("{FAE04EC0-301F-11D3-BF4B-00C04F79EFBC}") = "Bonsai.WorkflowTemplate", "Bonsai.WorkflowTemplate\Bonsai.WorkflowTemplate.csproj", "{02EFCD9D-BC87-4857-964E-901DAEADD45B}"
EndProject
Global
	GlobalSection(SolutionConfigurationPlatforms) = preSolution
		Debug|Any CPU = Debug|Any CPU
		Release|Any CPU = Release|Any CPU
	EndGlobalSection
	GlobalSection(ProjectConfigurationPlatforms) = postSolution
		{731B2111-D4F3-436C-B015-B324DC32DC10}.Debug|Any CPU.ActiveCfg = Debug|Any CPU
		{731B2111-D4F3-436C-B015-B324DC32DC10}.Debug|Any CPU.Build.0 = Debug|Any CPU
		{731B2111-D4F3-436C-B015-B324DC32DC10}.Release|Any CPU.ActiveCfg = Release|Any CPU
		{731B2111-D4F3-436C-B015-B324DC32DC10}.Release|Any CPU.Build.0 = Release|Any CPU
		{9BC48895-1D5E-49FF-97A6-8443962AE517}.Debug|Any CPU.ActiveCfg = Debug|Any CPU
		{9BC48895-1D5E-49FF-97A6-8443962AE517}.Debug|Any CPU.Build.0 = Debug|Any CPU
		{9BC48895-1D5E-49FF-97A6-8443962AE517}.Release|Any CPU.ActiveCfg = Release|Any CPU
		{9BC48895-1D5E-49FF-97A6-8443962AE517}.Release|Any CPU.Build.0 = Release|Any CPU
		{0A58BE56-B471-4783-8E0E-7D47DB576EFD}.Debug|Any CPU.ActiveCfg = Debug|Any CPU
		{0A58BE56-B471-4783-8E0E-7D47DB576EFD}.Debug|Any CPU.Build.0 = Debug|Any CPU
		{0A58BE56-B471-4783-8E0E-7D47DB576EFD}.Release|Any CPU.ActiveCfg = Release|Any CPU
		{0A58BE56-B471-4783-8E0E-7D47DB576EFD}.Release|Any CPU.Build.0 = Release|Any CPU
		{7F4DD318-5BE7-4C12-9A59-273E220CE192}.Debug|Any CPU.ActiveCfg = Debug|Any CPU
		{7F4DD318-5BE7-4C12-9A59-273E220CE192}.Debug|Any CPU.Build.0 = Debug|Any CPU
		{7F4DD318-5BE7-4C12-9A59-273E220CE192}.Release|Any CPU.ActiveCfg = Release|Any CPU
		{7F4DD318-5BE7-4C12-9A59-273E220CE192}.Release|Any CPU.Build.0 = Release|Any CPU
		{DCA91714-1EA8-4A58-A1C4-9099F583E021}.Debug|Any CPU.ActiveCfg = Debug|Any CPU
		{DCA91714-1EA8-4A58-A1C4-9099F583E021}.Debug|Any CPU.Build.0 = Debug|Any CPU
		{DCA91714-1EA8-4A58-A1C4-9099F583E021}.Release|Any CPU.ActiveCfg = Release|Any CPU
		{DCA91714-1EA8-4A58-A1C4-9099F583E021}.Release|Any CPU.Build.0 = Release|Any CPU
		{13535295-C1F7-44AD-8CB8-F7279C704F59}.Debug|Any CPU.ActiveCfg = Debug|Any CPU
		{13535295-C1F7-44AD-8CB8-F7279C704F59}.Debug|Any CPU.Build.0 = Debug|Any CPU
		{13535295-C1F7-44AD-8CB8-F7279C704F59}.Release|Any CPU.ActiveCfg = Release|Any CPU
		{13535295-C1F7-44AD-8CB8-F7279C704F59}.Release|Any CPU.Build.0 = Release|Any CPU
		{02EFCD9D-BC87-4857-964E-901DAEADD45B}.Debug|Any CPU.ActiveCfg = Debug|Any CPU
		{02EFCD9D-BC87-4857-964E-901DAEADD45B}.Debug|Any CPU.Build.0 = Debug|Any CPU
		{02EFCD9D-BC87-4857-964E-901DAEADD45B}.Release|Any CPU.ActiveCfg = Release|Any CPU
		{02EFCD9D-BC87-4857-964E-901DAEADD45B}.Release|Any CPU.Build.0 = Release|Any CPU
	EndGlobalSection
	GlobalSection(SolutionProperties) = preSolution
		HideSolutionNode = FALSE
	EndGlobalSection
EndGlobal
